{
  "name": "GistNoteIt",
  "version": "1.0.0",
  "lockfileVersion": 1,
  "requires": true,
  "dependencies": {
    "evernote": {
      "version": "2.0.5",
      "resolved": "https://registry.npmjs.org/evernote/-/evernote-2.0.5.tgz",
      "integrity": "sha512-DuOk3t9HKwkxZBaZU1Mz8vmZSEM2LVI3eLdML90Is3+8WlPwpYcLeo4z+eklT8NUGD3GA6oOnlP+6e0z0rDX1Q==",
      "requires": {
        "oauth": "^0.9.14"
      }
    },
    "oauth": {
      "version": "0.9.15",
      "resolved": "https://registry.npmjs.org/oauth/-/oauth-0.9.15.tgz",
      "integrity": "sha1-vR/vr2hslrdUda7VGWQS/2DPucE="
    }
  }
}
